%{
  "absinthe": {:hex, :absinthe, "1.5.0", "911844d3a4aa51a795c84ba6e04c21e1bd573bb8d9331f972027136a94611eef", [:mix], [{:dataloader, "~> 1.0.0", [hex: :dataloader, repo: "hexpm", optional: true]}, {:decimal, "~> 1.0", [hex: :decimal, repo: "hexpm", optional: true]}, {:nimble_parsec, "~> 0.5", [hex: :nimble_parsec, repo: "hexpm", optional: false]}, {:telemetry, "~> 0.4.0", [hex: :telemetry, repo: "hexpm", optional: false]}], "hexpm", "50b1672ccd1143f92b672e8b20255cf84c0f9cee314a3a1645a1a9f7aa524a84"},
  "absinthe_plug": {:hex, :absinthe_plug, "1.5.0", "018ef544cf577339018d1f482404b4bed762e1b530c78be9de4bbb88a6f3a805", [:mix], [{:absinthe, "~> 1.5.0", [hex: :absinthe, repo: "hexpm", optional: false]}, {:plug, "~> 1.3.2 or ~> 1.4", [hex: :plug, repo: "hexpm", optional: false]}], "hexpm", "4c160f4ce9a1233a4219a42de946e4e05d0e8733537cd5d8d20e7d4ef8d4b7c7"},
  "arc": {:hex, :arc, "0.11.0", "ac7a0cc03035317b6fef9fe94c97d7d9bd183a3e7ce1606aa0c175cfa8d1ba6d", [:mix], [{:ex_aws, "~> 2.0", [hex: :ex_aws, repo: "hexpm", optional: true]}, {:ex_aws_s3, "~> 2.0", [hex: :ex_aws_s3, repo: "hexpm", optional: true]}, {:hackney, "~> 1.0", [hex: :hackney, repo: "hexpm", optional: false]}, {:poison, "~> 2.2 or ~> 3.1", [hex: :poison, repo: "hexpm", optional: true]}, {:sweet_xml, "~> 0.6", [hex: :sweet_xml, repo: "hexpm", optional: true]}], "hexpm", "e91a8bd676fca716f6e46275ae81fb96c0bbc7a9d5b96cac511ae190588eddd0"},
  "arc_ecto": {:hex, :arc_ecto, "0.11.3", "52f278330fe3a29472ce5d9682514ca09eaed4b33453cbaedb5241a491464f7d", [:mix], [{:arc, "~> 0.11.0", [hex: :arc, repo: "hexpm", optional: false]}, {:ecto, ">= 2.1.0", [hex: :ecto, repo: "hexpm", optional: false]}], "hexpm", "24beed35003707434a778caece7d71e46e911d46d1e82e7787345264fc8e96d0"},
  "artificery": {:hex, :artificery, "0.4.2", "3ded6e29e13113af52811c72f414d1e88f711410cac1b619ab3a2666bbd7efd4", [:mix], [], "hexpm", "514586f4312ef3709a3ccbd8e55f69455add235c1729656687bb781d10d0afdb"},
  "bamboo": {:hex, :bamboo, "1.5.0", "1926107d58adba6620450f254dfe8a3686637a291851fba125686fa8574842af", [:mix], [{:hackney, ">= 1.13.0", [hex: :hackney, repo: "hexpm", optional: false]}, {:jason, "~> 1.0", [hex: :jason, repo: "hexpm", optional: true]}, {:plug, "~> 1.0", [hex: :plug, repo: "hexpm", optional: false]}], "hexpm", "d5f3d04d154e80176fd685e2531e73870d8700679f14d25a567e448abce6298d"},
  "bamboo_smtp": {:hex, :bamboo_smtp, "1.6.0", "0a3607b77f22554af58c547350c1c73ebba6f4fb2c4bd0b11713ab5b4081588f", [:mix], [{:bamboo, "~> 1.0", [hex: :bamboo, repo: "hexpm", optional: false]}, {:gen_smtp, "~> 0.12.0", [hex: :gen_smtp, repo: "hexpm", optional: false]}], "hexpm", "c7eda465c5dac2c4546ff17759ae8903af5d3fda522c8310ba64e7240463a86c"},
  "bcrypt_elixir": {:hex, :bcrypt_elixir, "1.1.1", "6b5560e47a02196ce5f0ab3f1d8265db79a23868c137e973b27afef928ed8006", [:make, :mix], [{:elixir_make, "~> 0.4", [hex: :elixir_make, repo: "hexpm", optional: false]}], "hexpm", "10f658be786bd2daaadcd45cc5b598da01d5bbc313da4d0e3efb2d6a511d896d"},
  "blankable": {:hex, :blankable, "0.0.1", "2e0b4667fee684f0614620d31a34bb2731341cccb27ed903e330195819ba3ba0", [:mix], [], "hexpm", "9d12554df14f50b410b54c911d6e34abcdd314df18fe75809378a71c02279e31"},
  "bunt": {:hex, :bunt, "0.2.0", "951c6e801e8b1d2cbe58ebbd3e616a869061ddadcc4863d0a2182541acae9a38", [:mix], [], "hexpm", "7af5c7e09fe1d40f76c8e4f9dd2be7cebd83909f31fee7cd0e9eadc567da8353"},
  "certifi": {:hex, :certifi, "2.5.1", "867ce347f7c7d78563450a18a6a28a8090331e77fa02380b4a21962a65d36ee5", [:rebar3], [{:parse_trans, "~>3.3", [hex: :parse_trans, repo: "hexpm", optional: false]}], "hexpm", "805abd97539caf89ec6d4732c91e62ba9da0cda51ac462380bbd28ee697a8c42"},
  "combine": {:hex, :combine, "0.10.0", "eff8224eeb56498a2af13011d142c5e7997a80c8f5b97c499f84c841032e429f", [:mix], [], "hexpm", "1b1dbc1790073076580d0d1d64e42eae2366583e7aecd455d1215b0d16f2451b"},
  "comeonin": {:hex, :comeonin, "4.1.2", "3eb5620fd8e35508991664b4c2b04dd41e52f1620b36957be837c1d7784b7592", [:mix], [{:argon2_elixir, "~> 1.2", [hex: :argon2_elixir, repo: "hexpm", optional: true]}, {:bcrypt_elixir, "~> 0.12.1 or ~> 1.0", [hex: :bcrypt_elixir, repo: "hexpm", optional: true]}, {:pbkdf2_elixir, "~> 0.12", [hex: :pbkdf2_elixir, repo: "hexpm", optional: true]}], "hexpm", "d8700a0ca4dbb616c22c9b3f6dd539d88deaafec3efe66869d6370c9a559b3e9"},
  "connection": {:hex, :connection, "1.0.4", "a1cae72211f0eef17705aaededacac3eb30e6625b04a6117c1b2db6ace7d5976", [:mix], [], "hexpm", "4a0850c9be22a43af9920a71ab17c051f5f7d45c209e40269a1938832510e4d9"},
  "cors_plug": {:hex, :cors_plug, "1.5.2", "72df63c87e4f94112f458ce9d25800900cc88608c1078f0e4faddf20933eda6e", [:mix], [{:plug, "~> 1.3 or ~> 1.4 or ~> 1.5", [hex: :plug, repo: "hexpm", optional: false]}], "hexpm", "9af027d20dc12dd0c4345a6b87247e0c62965871feea0bfecf9764648b02cc69"},
  "cowboy": {:hex, :cowboy, "2.7.0", "91ed100138a764355f43316b1d23d7ff6bdb0de4ea618cb5d8677c93a7a2f115", [:rebar3], [{:cowlib, "~> 2.8.0", [hex: :cowlib, repo: "hexpm", optional: false]}, {:ranch, "~> 1.7.1", [hex: :ranch, repo: "hexpm", optional: false]}], "hexpm", "04fd8c6a39edc6aaa9c26123009200fc61f92a3a94f3178c527b70b767c6e605"},
  "cowlib": {:hex, :cowlib, "2.8.0", "fd0ff1787db84ac415b8211573e9a30a3ebe71b5cbff7f720089972b2319c8a4", [:rebar3], [], "hexpm", "79f954a7021b302186a950a32869dbc185523d99d3e44ce430cd1f3289f41ed4"},
  "credo": {:hex, :credo, "0.10.2", "03ad3a1eff79a16664ed42fc2975b5e5d0ce243d69318060c626c34720a49512", [:mix], [{:bunt, "~> 0.2.0", [hex: :bunt, repo: "hexpm", optional: false]}, {:jason, "~> 1.0", [hex: :jason, repo: "hexpm", optional: false]}], "hexpm", "539596b6774069260d5938aa73042a2f5157e1c0215aa35f5a53d83889546d14"},
  "db_connection": {:hex, :db_connection, "2.2.2", "3bbca41b199e1598245b716248964926303b5d4609ff065125ce98bcd368939e", [:mix], [{:connection, "~> 1.0.2", [hex: :connection, repo: "hexpm", optional: false]}], "hexpm", "642af240d8a8affb93b4ba5a6fcd2bbcbdc327e1a524b825d383711536f8070c"},
  "decimal": {:hex, :decimal, "1.8.1", "a4ef3f5f3428bdbc0d35374029ffcf4ede8533536fa79896dd450168d9acdf3c", [:mix], [], "hexpm", "3cb154b00225ac687f6cbd4acc4b7960027c757a5152b369923ead9ddbca7aec"},
  "dialyxir": {:hex, :dialyxir, "0.5.1", "b331b091720fd93e878137add264bac4f644e1ddae07a70bf7062c7862c4b952", [:mix], [], "hexpm", "6c32a70ed5d452c6650916555b1f96c79af5fc4bf286997f8b15f213de786f73"},
  "distillery": {:hex, :distillery, "2.1.1", "f9332afc2eec8a1a2b86f22429e068ef35f84a93ea1718265e740d90dd367814", [:mix], [{:artificery, "~> 0.2", [hex: :artificery, repo: "hexpm", optional: false]}], "hexpm", "bbc7008b0161a6f130d8d903b5b3232351fccc9c31a991f8fcbf2a12ace22995"},
  "earmark": {:hex, :earmark, "1.4.4", "4821b8d05cda507189d51f2caeef370cf1e18ca5d7dfb7d31e9cafe6688106a4", [:mix], [], "hexpm", "1f93aba7340574847c0f609da787f0d79efcab51b044bb6e242cae5aca9d264d"},
  "ecto": {:hex, :ecto, "3.4.4", "a2c881e80dc756d648197ae0d936216c0308370332c5e77a2325a10293eef845", [:mix], [{:decimal, "~> 1.6 or ~> 2.0", [hex: :decimal, repo: "hexpm", optional: false]}, {:jason, "~> 1.0", [hex: :jason, repo: "hexpm", optional: true]}, {:telemetry, "~> 0.4", [hex: :telemetry, repo: "hexpm", optional: false]}], "hexpm", "cc4bd3ad62abc3b21fb629f0f7a3dab23a192fca837d257dd08449fba7373561"},
  "ecto_enum": {:hex, :ecto_enum, "1.4.0", "d14b00e04b974afc69c251632d1e49594d899067ee2b376277efd8233027aec8", [:mix], [{:ecto, ">= 3.0.0", [hex: :ecto, repo: "hexpm", optional: false]}, {:ecto_sql, "> 3.0.0", [hex: :ecto_sql, repo: "hexpm", optional: false]}, {:mariaex, ">= 0.0.0", [hex: :mariaex, repo: "hexpm", optional: true]}, {:postgrex, ">= 0.0.0", [hex: :postgrex, repo: "hexpm", optional: true]}], "hexpm", "8fb55c087181c2b15eee406519dc22578fa60dd82c088be376d0010172764ee4"},
  "ecto_sql": {:hex, :ecto_sql, "3.4.3", "c552aa8a7ccff2b64024f835503b3155d8e73452c180298527fbdbcd6e79710b", [:mix], [{:db_connection, "~> 2.2", [hex: :db_connection, repo: "hexpm", optional: false]}, {:ecto, "~> 3.4.3", [hex: :ecto, repo: "hexpm", optional: false]}, {:myxql, "~> 0.3.0 or ~> 0.4.0", [hex: :myxql, repo: "hexpm", optional: true]}, {:postgrex, "~> 0.15.0", [hex: :postgrex, repo: "hexpm", optional: true]}, {:tds, "~> 2.1.0", [hex: :tds, repo: "hexpm", optional: true]}, {:telemetry, "~> 0.4.0", [hex: :telemetry, repo: "hexpm", optional: false]}], "hexpm", "ec9e59d6fa3f8cfda9963ada371e9e6659167c2338a997bd7ea23b10b245842b"},
  "elixir_make": {:hex, :elixir_make, "0.6.0", "38349f3e29aff4864352084fc736fa7fa0f2995a819a737554f7ebd28b85aaab", [:mix], [], "hexpm", "d522695b93b7f0b4c0fcb2dfe73a6b905b1c301226a5a55cb42e5b14d509e050"},
  "elixir_uuid": {:hex, :elixir_uuid, "1.2.1", "dce506597acb7e6b0daeaff52ff6a9043f5919a4c3315abb4143f0b00378c097", [:mix], [], "hexpm", "f7eba2ea6c3555cea09706492716b0d87397b88946e6380898c2889d68585752"},
  "ex_aws": {:hex, :ex_aws, "2.1.3", "26b6f036f0127548706aade4a509978fc7c26bd5334b004fba9bfe2687a525df", [:mix], [{:configparser_ex, "~> 4.0", [hex: :configparser_ex, repo: "hexpm", optional: true]}, {:hackney, "~> 1.9", [hex: :hackney, repo: "hexpm", optional: true]}, {:jason, "~> 1.1", [hex: :jason, repo: "hexpm", optional: true]}, {:jsx, "~> 2.8", [hex: :jsx, repo: "hexpm", optional: true]}, {:sweet_xml, "~> 0.6", [hex: :sweet_xml, repo: "hexpm", optional: true]}], "hexpm", "0bdbe2aed9f326922fc5a6a80417e32f0c895f4b3b2b0b9676ebf23dd16c5da4"},
  "ex_aws_s3": {:hex, :ex_aws_s3, "2.0.2", "c0258bbdfea55de4f98f0b2f0ca61fe402cc696f573815134beb1866e778f47b", [:mix], [{:ex_aws, "~> 2.0", [hex: :ex_aws, repo: "hexpm", optional: false]}, {:sweet_xml, ">= 0.0.0", [hex: :sweet_xml, repo: "hexpm", optional: true]}], "hexpm", "0569f5b211b1a3b12b705fe2a9d0e237eb1360b9d76298028df2346cad13097a"},
  "ex_doc": {:hex, :ex_doc, "0.22.0", "fb0495cd70849bc4d7bc716d4e740aebfaddb77bb1074addf357912468c831d6", [:mix], [{:earmark, "~> 1.4", [hex: :earmark, repo: "hexpm", optional: false]}, {:makeup_elixir, "~> 0.14", [hex: :makeup_elixir, repo: "hexpm", optional: false]}], "hexpm", "f9b36237b220c8262d561489967b6a604832593f0dc1fb1608662909457e91aa"},
  "ex_machina": {:git, "https://github.com/thoughtbot/ex_machina.git", "31d19cc5572d85d3c144756b765b634995ab9c2b", []},
  "exq": {:hex, :exq, "0.13.5", "f1220d50d135205807a8796bea97da09e11c70c76d1e5e7f40f2f2325df754bf", [:mix], [{:elixir_uuid, ">= 1.2.0", [hex: :elixir_uuid, repo: "hexpm", optional: false]}, {:jason, "~> 1.0", [hex: :jason, repo: "hexpm", optional: true]}, {:poison, ">= 1.2.0 or ~> 2.0", [hex: :poison, repo: "hexpm", optional: true]}, {:redix, ">= 0.8.1", [hex: :redix, repo: "hexpm", optional: false]}], "hexpm", "375e8c502e03c6a4f0ecf795f077c7c0ce8ee16d7549538e9fecad217afc3d8a"},
  "faker": {:hex, :faker, "0.13.0", "8abcb996f010ccd6c85588c89fc047f11134e04da019b70252f95431d721a3dc", [:mix], [], "hexpm", "b0016680cae6776e3d1caa34d70438acc09c11c003e80fd3d44f79ec7370be00"},
  "file_system": {:hex, :file_system, "0.2.8", "f632bd287927a1eed2b718f22af727c5aeaccc9a98d8c2bd7bff709e851dc986", [:mix], [], "hexpm", "97a3b6f8d63ef53bd0113070102db2ce05352ecf0d25390eb8d747c2bde98bca"},
  "gen_smtp": {:hex, :gen_smtp, "0.12.0", "97d44903f5ca18ca85cb39aee7d9c77e98d79804bbdef56078adcf905cb2ef00", [:rebar3], [], "hexpm", "7b4d2e5338f98518414bae6b85d2be51d6715c6f2695c7967567af5426bf00e5"},
  "gen_stage": {:hex, :gen_stage, "0.14.3", "d0c66f1c87faa301c1a85a809a3ee9097a4264b2edf7644bf5c123237ef732bf", [:mix], [], "hexpm", "8453e2289d94c3199396eb517d65d6715ef26bcae0ee83eb5ff7a84445458d76"},
  "geolix": {:hex, :geolix, "0.18.0", "8bcc66723f665f20579a19c4f973193a590074fe3f285fbe1c9f26ccd205b7f7", [:mix], [{:mmdb2_decoder, "~> 1.0", [hex: :mmdb2_decoder, repo: "hexpm", optional: false]}, {:poolboy, "~> 1.0", [hex: :poolboy, repo: "hexpm", optional: false]}], "hexpm", "61c59ec935ed76390a0c9c79aeb778e99377285779198fbe7f65faa31310699a"},
  "gettext": {:hex, :gettext, "0.18.0", "406d6b9e0e3278162c2ae1de0a60270452c553536772167e2d701f028116f870", [:mix], [], "hexpm", "c3f850be6367ebe1a08616c2158affe4a23231c70391050bf359d5f92f66a571"},
  "git_hooks": {:hex, :git_hooks, "0.2.0", "3e437954b8dd8d63c723c25b6ae412766ad957a628d2c0aa3fd58cdf941c66c9", [:mix], [{:blankable, "~> 0.0.1", [hex: :blankable, repo: "hexpm", optional: false]}, {:recase, "~> 0.2", [hex: :recase, repo: "hexpm", optional: false]}], "hexpm", "8cd461735a8f6a75d2d60f96b61c3d40d4ebc2ad3c8691ddf5add6ea882fc946"},
  "hackney": {:hex, :hackney, "1.15.2", "07e33c794f8f8964ee86cebec1a8ed88db5070e52e904b8f12209773c1036085", [:rebar3], [{:certifi, "2.5.1", [hex: :certifi, repo: "hexpm", optional: false]}, {:idna, "6.0.0", [hex: :idna, repo: "hexpm", optional: false]}, {:metrics, "1.0.1", [hex: :metrics, repo: "hexpm", optional: false]}, {:mimerl, "~>1.1", [hex: :mimerl, repo: "hexpm", optional: false]}, {:ssl_verify_fun, "1.1.5", [hex: :ssl_verify_fun, repo: "hexpm", optional: false]}], "hexpm", "e0100f8ef7d1124222c11ad362c857d3df7cb5f4204054f9f0f4a728666591fc"},
  "httpotion": {:hex, :httpotion, "3.1.3", "fdaf1e16b9318dcb722de57e75ac368c93d4c6e3c9125f93e960f953a750fb77", [:mix], [{:ibrowse, "== 4.4.0", [hex: :ibrowse, repo: "hexpm", optional: false]}], "hexpm", "e420172ef697a0f1f4dc40f89a319d5a3aad90ec51fa424f08c115f04192ae43"},
  "ibrowse": {:git, "https://github.com/cmullaparthi/ibrowse.git", "e6a0c366fc8fc982d7981087c1e9d1e28e2a235a", []},
  "idna": {:hex, :idna, "6.0.0", "689c46cbcdf3524c44d5f3dde8001f364cd7608a99556d8fbd8239a5798d4c10", [:rebar3], [{:unicode_util_compat, "0.4.1", [hex: :unicode_util_compat, repo: "hexpm", optional: false]}], "hexpm", "4bdd305eb64e18b0273864920695cb18d7a2021f31a11b9c5fbcd9a253f936e2"},
  "inet_cidr": {:hex, :inet_cidr, "1.0.4", "a05744ab7c221ca8e395c926c3919a821eb512e8f36547c062f62c4ca0cf3d6e", [:mix], [], "hexpm", "64a2d30189704ae41ca7dbdd587f5291db5d1dda1414e0774c29ffc81088c1bc"},
  "jason": {:hex, :jason, "1.2.1", "12b22825e22f468c02eb3e4b9985f3d0cb8dc40b9bd704730efa11abd2708c44", [:mix], [{:decimal, "~> 1.0", [hex: :decimal, repo: "hexpm", optional: true]}], "hexpm", "b659b8571deedf60f79c5a608e15414085fa141344e2716fbd6988a084b5f993"},
  "joken": {:hex, :joken, "2.2.0", "2daa1b12be05184aff7b5ace1d43ca1f81345962285fff3f88db74927c954d3a", [:mix], [{:jose, "~> 1.9", [hex: :jose, repo: "hexpm", optional: false]}], "hexpm", "b4f92e30388206f869dd25d1af628a1d99d7586e5cf0672f64d4df84c4d2f5e9"},
  "jose": {:hex, :jose, "1.10.1", "16d8e460dae7203c6d1efa3f277e25b5af8b659febfc2f2eb4bacf87f128b80a", [:mix, :rebar3], [], "hexpm", "3c7ddc8a9394b92891db7c2771da94bf819834a1a4c92e30857b7d582e2f8257"},
  "kronky": {:git, "https://github.com/mirego/kronky.git", "cfc786bd87c1968d4186407fb8683f2bee3457c2", []},
  "libcluster": {:hex, :libcluster, "3.2.1", "b2cd5b447cde25d5897749bee6f7aaeb6c96ac379481024e9b6ba495dabeb97d", [:mix], [{:jason, "~> 1.1", [hex: :jason, repo: "hexpm", optional: false]}], "hexpm", "89f225612d135edce9def56f43bf18d575d88ac4680e3f6161283f2e55cadca4"},
  "makeup": {:hex, :makeup, "1.0.1", "82f332e461dc6c79dbd82fbe2a9c10d48ed07146f0a478286e590c83c52010b5", [:mix], [{:nimble_parsec, "~> 0.5.0", [hex: :nimble_parsec, repo: "hexpm", optional: false]}], "hexpm", "49736fe5b66a08d8575bf5321d716bac5da20c8e6b97714fec2bcd6febcfa1f8"},
  "makeup_elixir": {:hex, :makeup_elixir, "0.14.0", "cf8b7c66ad1cff4c14679698d532f0b5d45a3968ffbcbfd590339cb57742f1ae", [:mix], [{:makeup, "~> 1.0", [hex: :makeup, repo: "hexpm", optional: false]}], "hexpm", "d4b316c7222a85bbaa2fd7c6e90e37e953257ad196dc229505137c5e505e9eff"},
  "metrics": {:hex, :metrics, "1.0.1", "25f094dea2cda98213cecc3aeff09e940299d950904393b2a29d191c346a8486", [:rebar3], [], "hexpm", "69b09adddc4f74a40716ae54d140f93beb0fb8978d8636eaded0c31b6f099f16"},
  "mime": {:hex, :mime, "1.3.1", "30ce04ab3175b6ad0bdce0035cba77bba68b813d523d1aac73d9781b4d193cf8", [:mix], [], "hexpm", "6cbe761d6a0ca5a31a0931bf4c63204bceb64538e664a8ecf784a9a6f3b875f1"},
  "mimerl": {:hex, :mimerl, "1.2.0", "67e2d3f571088d5cfd3e550c383094b47159f3eee8ffa08e64106cdf5e981be3", [:rebar3], [], "hexpm", "f278585650aa581986264638ebf698f8bb19df297f66ad91b18910dfc6e19323"},
  "mix_test_watch": {:hex, :mix_test_watch, "0.9.0", "c72132a6071261893518fa08e121e911c9358713f62794a90c95db59042af375", [:mix], [{:file_system, "~> 0.2.1 or ~> 0.3", [hex: :file_system, repo: "hexpm", optional: false]}], "hexpm", "817dec4a7f6edf260258002f99ac8ffaf7a8f395b27bf2d13ec24018beecec8a"},
  "mmdb2_decoder": {:hex, :mmdb2_decoder, "1.1.0", "2e2347521bb3bf6b81b9ee58d3be2199cb68ea42dcbafcd0d8eb40214d2844cf", [:mix], [], "hexpm", "77f2bc79c51563c417aff447c4f547f89f0a804853569227f35645bef62aff9c"},
  "mox": {:hex, :mox, "0.5.2", "55a0a5ba9ccc671518d068c8dddd20eeb436909ea79d1799e2209df7eaa98b6c", [:mix], [], "hexpm", "df4310628cd628ee181df93f50ddfd07be3e5ecc30232d3b6aadf30bdfe6092b"},
  "nimble_csv": {:hex, :nimble_csv, "0.7.0", "52f23ce46eee304d063d1716e19e45ea544bd751536bc53e5d41cb7fc0ca9405", [:mix], [], "hexpm", "e7051e7a95b5c4f26512af5805c320ee9185e752d949f048bf318fedef86cccc"},
  "nimble_parsec": {:hex, :nimble_parsec, "0.5.3", "def21c10a9ed70ce22754fdeea0810dafd53c2db3219a0cd54cf5526377af1c6", [:mix], [], "hexpm", "589b5af56f4afca65217a1f3eb3fee7e79b09c40c742fddc1c312b3ac0b3399f"},
  "oauth2": {:hex, :oauth2, "2.0.0", "338382079fe16c514420fa218b0903f8ad2d4bfc0ad0c9f988867dfa246731b0", [:mix], [{:hackney, "~> 1.13", [hex: :hackney, repo: "hexpm", optional: false]}], "hexpm", "881b8364ac7385f9fddc7949379cbe3f7081da37233a1aa7aab844670a91e7e7"},
  "paginator": {:hex, :paginator, "0.6.0", "bc2c01abdd98281ff39b6a7439cf540091122a7927bdaabc167c61d4508f9cbb", [:mix], [{:ecto, "~> 3.0", [hex: :ecto, repo: "hexpm", optional: false]}, {:ecto_sql, "~> 3.0", [hex: :ecto_sql, repo: "hexpm", optional: false]}, {:postgrex, "~> 0.13", [hex: :postgrex, repo: "hexpm", optional: true]}], "hexpm", "340710e1886debc084dba3dfe2a1f2148db3ae0ba1a288d8d64927fc27752b0c"},
  "parse_trans": {:hex, :parse_trans, "3.3.0", "09765507a3c7590a784615cfd421d101aec25098d50b89d7aa1d66646bc571c1", [:rebar3], [], "hexpm", "17ef63abde837ad30680ea7f857dd9e7ced9476cdd7b0394432af4bfc241b960"},
  "phoenix": {:hex, :phoenix, "1.5.1", "95156589879dc69201d5fc0ebdbfdfc7901a09a3616ea611ec297f81340275a2", [:mix], [{:jason, "~> 1.0", [hex: :jason, repo: "hexpm", optional: true]}, {:phoenix_html, "~> 2.13", [hex: :phoenix_html, repo: "hexpm", optional: true]}, {:phoenix_pubsub, "~> 2.0", [hex: :phoenix_pubsub, repo: "hexpm", optional: false]}, {:plug, "~> 1.10", [hex: :plug, repo: "hexpm", optional: false]}, {:plug_cowboy, "~> 1.0 or ~> 2.2", [hex: :plug_cowboy, repo: "hexpm", optional: true]}, {:plug_crypto, "~> 1.1.2 or ~> 1.2", [hex: :plug_crypto, repo: "hexpm", optional: false]}, {:telemetry, "~> 0.4", [hex: :telemetry, repo: "hexpm", optional: false]}], "hexpm", "fc272b38e79d2881790fccae6f67a9fbe9b790103d6878175ea03d23003152eb"},
  "phoenix_ecto": {:hex, :phoenix_ecto, "4.1.0", "a044d0756d0464c5a541b4a0bf4bcaf89bffcaf92468862408290682c73ae50d", [:mix], [{:ecto, "~> 3.0", [hex: :ecto, repo: "hexpm", optional: false]}, {:phoenix_html, "~> 2.9", [hex: :phoenix_html, repo: "hexpm", optional: true]}, {:plug, "~> 1.0", [hex: :plug, repo: "hexpm", optional: false]}], "hexpm", "c5e666a341ff104d0399d8f0e4ff094559b2fde13a5985d4cb5023b2c2ac558b"},
  "phoenix_html": {:hex, :phoenix_html, "2.14.2", "b8a3899a72050f3f48a36430da507dd99caf0ac2d06c77529b1646964f3d563e", [:mix], [{:plug, "~> 1.5", [hex: :plug, repo: "hexpm", optional: false]}], "hexpm", "58061c8dfd25da5df1ea0ca47c972f161beb6c875cd293917045b92ffe1bf617"},
  "phoenix_live_dashboard": {:hex, :phoenix_live_dashboard, "0.2.3", "aba80790b5358877c39e89d4e9a28e65817c22f01601c2eea64749e18e5c9b6e", [:mix], [{:phoenix_html, "~> 2.14.1 or ~> 2.15", [hex: :phoenix_html, repo: "hexpm", optional: false]}, {:phoenix_live_view, "~> 0.12.0", [hex: :phoenix_live_view, repo: "hexpm", optional: false]}, {:telemetry_metrics, "~> 0.4.0 or ~> 0.5.0", [hex: :telemetry_metrics, repo: "hexpm", optional: false]}], "hexpm", "3871e507e2811022d5af80b45aa61ef2c20d3e7b0465b3a64d1669fffb92fd67"},
  "phoenix_live_reload": {:hex, :phoenix_live_reload, "1.2.2", "38d94c30df5e2ef11000697a4fbe2b38d0fbf79239d492ff1be87bbc33bc3a84", [:mix], [{:file_system, "~> 0.2.1 or ~> 0.3", [hex: :file_system, repo: "hexpm", optional: false]}, {:phoenix, "~> 1.4", [hex: :phoenix, repo: "hexpm", optional: false]}], "hexpm", "a3dec3d28ddb5476c96a7c8a38ea8437923408bc88da43e5c45d97037b396280"},
  "phoenix_live_view": {:hex, :phoenix_live_view, "0.12.1", "42f591c781edbf9fab921319076b7ac635d43aa23e6748d2644563326236d7e4", [:mix], [{:jason, "~> 1.0", [hex: :jason, repo: "hexpm", optional: true]}, {:phoenix, "~> 1.4.16 or ~> 1.5.0", [hex: :phoenix, repo: "hexpm", optional: false]}, {:phoenix_html, "~> 2.14", [hex: :phoenix_html, repo: "hexpm", optional: false]}], "hexpm", "585321e98df1cd5943e370b9784e950a37ca073744eb534660c9048967c52ab6"},
  "phoenix_pubsub": {:hex, :phoenix_pubsub, "2.0.0", "a1ae76717bb168cdeb10ec9d92d1480fec99e3080f011402c0a2d68d47395ffb", [:mix], [], "hexpm", "c52d948c4f261577b9c6fa804be91884b381a7f8f18450c5045975435350f771"},
  "plug": {:hex, :plug, "1.10.1", "c56a6d9da7042d581159bcbaef873ba9d87f15dce85420b0d287bca19f40f9bd", [:mix], [{:mime, "~> 1.0", [hex: :mime, repo: "hexpm", optional: false]}, {:plug_crypto, "~> 1.1.1 or ~> 1.2", [hex: :plug_crypto, repo: "hexpm", optional: false]}, {:telemetry, "~> 0.4", [hex: :telemetry, repo: "hexpm", optional: true]}], "hexpm", "b5cd52259817eb8a31f2454912ba1cff4990bca7811918878091cb2ab9e52cb8"},
  "plug_cowboy": {:hex, :plug_cowboy, "2.2.1", "fcf58aa33227a4322a050e4783ee99c63c031a2e7f9a2eb7340d55505e17f30f", [:mix], [{:cowboy, "~> 2.7", [hex: :cowboy, repo: "hexpm", optional: false]}, {:plug, "~> 1.7", [hex: :plug, repo: "hexpm", optional: false]}, {:telemetry, "~> 0.4", [hex: :telemetry, repo: "hexpm", optional: false]}], "hexpm", "3b43de24460d87c0971887286e7a20d40462e48eb7235954681a20cee25ddeb6"},
  "plug_crypto": {:hex, :plug_crypto, "1.1.2", "bdd187572cc26dbd95b87136290425f2b580a116d3fb1f564216918c9730d227", [:mix], [], "hexpm", "6b8b608f895b6ffcfad49c37c7883e8df98ae19c6a28113b02aa1e9c5b22d6b5"},
  "poison": {:hex, :poison, "3.1.0", "d9eb636610e096f86f25d9a46f35a9facac35609a7591b3be3326e99a0484665", [:mix], [], "hexpm", "fec8660eb7733ee4117b85f55799fd3833eb769a6df71ccf8903e8dc5447cfce"},
  "poolboy": {:hex, :poolboy, "1.5.2", "392b007a1693a64540cead79830443abf5762f5d30cf50bc95cb2c1aaafa006b", [:rebar3], [], "hexpm", "dad79704ce5440f3d5a3681c8590b9dc25d1a561e8f5a9c995281012860901e3"},
  "postgrex": {:hex, :postgrex, "0.15.4", "5d691c25fc79070705a2ff0e35ce0822b86a0ee3c6fdb7a4fb354623955e1aed", [:mix], [{:connection, "~> 1.0", [hex: :connection, repo: "hexpm", optional: false]}, {:db_connection, "~> 2.1", [hex: :db_connection, repo: "hexpm", optional: false]}, {:decimal, "~> 1.5", [hex: :decimal, repo: "hexpm", optional: false]}, {:jason, "~> 1.0", [hex: :jason, repo: "hexpm", optional: true]}], "hexpm", "306515b9d975fcb2478dc337a1d27dc3bf8af7cd71017c333fe9db3a3d211b0a"},
  "proper_case": {:hex, :proper_case, "1.3.0", "aea76589db691f4f9dd69b13ab951f268ba5dc9b4ffe7c8aff0dcce04d3be55c", [:mix], [], "hexpm", "c1f9ed4b6f633f05f70119e61e0965951bfd42d5e381d3f0efffaaa29d02309b"},
  "ranch": {:hex, :ranch, "1.7.1", "6b1fab51b49196860b733a49c07604465a47bdb78aa10c1c16a3d199f7f8c881", [:rebar3], [], "hexpm", "451d8527787df716d99dc36162fca05934915db0b6141bbdac2ea8d3c7afc7d7"},
  "recase": {:hex, :recase, "0.6.0", "1dd2dd2f4e06603b74977630e739f08b7fedbb9420cc14de353666c2fc8b99f4", [:mix], [], "hexpm", "8712e318420a228eb2e6366ada230148ed3a4316a798319edd5512f64d78c990"},
  "redix": {:hex, :redix, "0.10.6", "5a9f7df9a2719a289f6ecbf61e9062f03789175ece4d4e80d8a3d44c63cade57", [:mix], [{:castore, "~> 0.1.0", [hex: :castore, repo: "hexpm", optional: true]}, {:telemetry, "~> 0.4.0", [hex: :telemetry, repo: "hexpm", optional: false]}], "hexpm", "cf79c13c898d83bcfd290cf2ee099653f91eb74dbddf0143d7bc86c245f13568"},
  "ref_inspector": {:hex, :ref_inspector, "0.20.0", "8f9a222a2b78ec763c605ec34537d6ffcb6e500302fe3a6b1e085b7fece24a27", [:mix], [{:hackney, "~> 1.0", [hex: :hackney, repo: "hexpm", optional: false]}, {:poolboy, "~> 1.0", [hex: :poolboy, repo: "hexpm", optional: false]}, {:yamerl, "~> 0.7", [hex: :yamerl, repo: "hexpm", optional: false]}], "hexpm", "992aa05a3327f85a7c9f29b70043dad412196fe7a787701d64adb0d3b7e53ddd"},
  "remote_ip": {:hex, :remote_ip, "0.1.5", "0d8eb8a80387e196b0f48b3e7efb75525d1097cdb0ec70a4c69dd2ce9237c16c", [:mix], [{:combine, "~> 0.10", [hex: :combine, repo: "hexpm", optional: false]}, {:inet_cidr, "~> 1.0", [hex: :inet_cidr, repo: "hexpm", optional: false]}, {:plug, "~> 1.2", [hex: :plug, repo: "hexpm", optional: false]}], "hexpm", "f54325cd42c8e601b0811eadf1e8e3b064f107875e4a6fabb788fe73f63f0a66"},
  "scrivener": {:hex, :scrivener, "2.7.0", "fa94cdea21fad0649921d8066b1833d18d296217bfdf4a5389a2f45ee857b773", [:mix], [], "hexpm", "30da36a427f2519cf75993271fb7c5aad1759682a70f90d880a85c3d743d2c57"},
  "scrivener_ecto": {:hex, :scrivener_ecto, "2.3.0", "057f9dd3c77315f0a470263c3565353860d0294404aed611b3524c6df9044189", [:mix], [{:ecto, "~> 3.3", [hex: :ecto, repo: "hexpm", optional: false]}, {:scrivener, "~> 2.4", [hex: :scrivener, repo: "hexpm", optional: false]}], "hexpm", "dfa43ca660651da63239e5d4acbfd9c57c5759bbf3a2bdc16cd70777c9bc7e0d"},
  "singleton": {:hex, :singleton, "1.3.0", "e3f7210cbc47a01128181d61062b4e5c9bf1809c9f276622db370dedd2e25ca8", [:mix], [], "hexpm", "7fc25563a2f7e3622c0687743a58182d356601fd040925d3cce92a351817028c"},
  "singleton_supervisor": {:hex, :singleton_supervisor, "0.2.0", "fc036359e88aa930a4bf07a1971815d40f1b74246b03a45e31ef26221c7d9a99", [:mix], [], "hexpm", "03bb95b50e4804c2be7dc1105ec0e5b777845263be8ac2fd071e9e83e9b5c756"},
  "ssl_verify_fun": {:hex, :ssl_verify_fun, "1.1.5", "6eaf7ad16cb568bb01753dbbd7a95ff8b91c7979482b95f38443fe2c8852a79b", [:make, :mix, :rebar3], [], "hexpm", "13104d7897e38ed7f044c4de953a6c28597d1c952075eb2e328bc6d6f2bfc496"},
  "sweet_xml": {:hex, :sweet_xml, "0.6.6", "fc3e91ec5dd7c787b6195757fbcf0abc670cee1e4172687b45183032221b66b8", [:mix], [], "hexpm", "2e1ec458f892ffa81f9f8386e3f35a1af6db7a7a37748a64478f13163a1f3573"},
  "telemetry": {:hex, :telemetry, "0.4.1", "ae2718484892448a24470e6aa341bc847c3277bfb8d4e9289f7474d752c09c7f", [:rebar3], [], "hexpm", "4738382e36a0a9a2b6e25d67c960e40e1a2c95560b9f936d8e29de8cd858480f"},
  "telemetry_metrics": {:hex, :telemetry_metrics, "0.5.0", "1b796e74add83abf844e808564275dfb342bcc930b04c7577ab780e262b0d998", [:mix], [{:telemetry, "~> 0.4", [hex: :telemetry, repo: "hexpm", optional: false]}], "hexpm", "31225e6ce7a37a421a0a96ec55244386aec1c190b22578bd245188a4a33298fd"},
  "telemetry_poller": {:hex, :telemetry_poller, "0.5.0", "4770888ef85599ead39c7f51d6b4b62306e602d96c69b2625d54dea3d9a5204b", [:rebar3], [{:telemetry, "~> 0.4", [hex: :telemetry, repo: "hexpm", optional: false]}], "hexpm", "69e4e8e65b0ae077c9e14cd5f42c7cc486de0e07ac6e3409e6f0e52699a7872c"},
  "timex": {:hex, :timex, "3.6.1", "efdf56d0e67a6b956cc57774353b0329c8ab7726766a11547e529357ffdc1d56", [:mix], [{:combine, "~> 0.10", [hex: :combine, repo: "hexpm", optional: false]}, {:gettext, "~> 0.10", [hex: :gettext, repo: "hexpm", optional: false]}, {:tzdata, "~> 0.1.8 or ~> 0.5 or ~> 1.0.0", [hex: :tzdata, repo: "hexpm", optional: false]}], "hexpm", "f354efb2400dd7a80fd9eb6c8419068c4f632da4ac47f3d8822d6e33f08bc852"},
  "tzdata": {:hex, :tzdata, "1.0.3", "73470ad29dde46e350c60a66e6b360d3b99d2d18b74c4c349dbebbc27a09a3eb", [:mix], [{:hackney, "~> 1.0", [hex: :hackney, repo: "hexpm", optional: false]}], "hexpm", "a6e1ee7003c4d04ecbd21dd3ec690d4c6662db5d3bbdd7262d53cdf5e7c746c1"},
  "ua_inspector": {:hex, :ua_inspector, "0.20.0", "01939baf5706f7d6c2dc0affbbd7f5e14309ba43ebf8967aa6479ee2204f23bc", [:mix], [{:hackney, "~> 1.0", [hex: :hackney, repo: "hexpm", optional: false]}, {:poolboy, "~> 1.0", [hex: :poolboy, repo: "hexpm", optional: false]}, {:yamerl, "~> 0.7", [hex: :yamerl, repo: "hexpm", optional: false]}], "hexpm", "30e8623b9f55e7d58be12fc2afd50be8792ec14192c289701d3cc93ad6027f26"},
  "ueberauth": {:hex, :ueberauth, "0.6.3", "d42ace28b870e8072cf30e32e385579c57b9cc96ec74fa1f30f30da9c14f3cc0", [:mix], [{:plug, "~> 1.5", [hex: :plug, repo: "hexpm", optional: false]}], "hexpm", "afc293d8a1140d6591b53e3eaf415ca92842cb1d32fad3c450c6f045f7f91b60"},
  "ueberauth_facebook": {:hex, :ueberauth_facebook, "0.8.1", "c254be4ab367c276773c2e41d3c0fe343ae118e244afc8d5a4e3e5c438951fdc", [:mix], [{:oauth2, "~> 1.0 or ~> 2.0", [hex: :oauth2, repo: "hexpm", optional: false]}, {:ueberauth, "~> 0.6.0", [hex: :ueberauth, repo: "hexpm", optional: false]}], "hexpm", "c2cf210ef45bd20611234ef17517f9d1dff6b31d3fb6ad96789143eb0943f540"},
  "unicode_util_compat": {:hex, :unicode_util_compat, "0.4.1", "d869e4c68901dd9531385bb0c8c40444ebf624e60b6962d95952775cac5e90cd", [:rebar3], [], "hexpm", "1d1848c40487cdb0b30e8ed975e34e025860c02e419cb615d255849f3427439d"},
  "yamerl": {:hex, :yamerl, "0.8.0", "8214cfe16bbabe5d1d6c14a14aea11c784b9a21903dd6a7c74f8ce180adae5c7", [:rebar3], [], "hexpm", "010634477bf9c208a0767dcca89116c2442cf0b5e87f9c870f85cd1c3e0c2aab"},
}
